
Microsoft Visual Studio Solution File, Format Version 12.00
# Visual Studio Version 16
VisualStudioVersion = 16.0.30804.86
MinimumVisualStudioVersion = 10.0.40219.1
Project("{FAE04EC0-301F-11D3-BF4B-00C04F79EFBC}") = "AutoBet.Application", "AutoBet.Application\AutoBet.Application.csproj", "{0A090AFC-13B2-4FB2-A040-07D104BCFD3C}"
EndProject
Project("{FAE04EC0-301F-11D3-BF4B-00C04F79EFBC}") = "AutoBet.Service", "AutoBet.Service\AutoBet.Service.csproj", "{DCAED2B7-C2A2-4AE2-9619-CF37EC015D50}"
EndProject
Project("{FAE04EC0-301F-11D3-BF4B-00C04F79EFBC}") = "AutoBet.Data", "AutoBet.Data\AutoBet.Data.csproj", "{D4981622-DA33-4D47-AB2F-8A9336EF44C4}"
EndProject
Global
	GlobalSection(SolutionConfigurationPlatforms) = preSolution
		Debug|Any CPU = Debug|Any CPU
		Release|Any CPU = Release|Any CPU
	EndGlobalSection
	GlobalSection(ProjectConfigurationPlatforms) = postSolution
		{0A090AFC-13B2-4FB2-A040-07D104BCFD3C}.Debug|Any CPU.ActiveCfg = Debug|Any CPU
		{0A090AFC-13B2-4FB2-A040-07D104BCFD3C}.Debug|Any CPU.Build.0 = Debug|Any CPU
		{0A090AFC-13B2-4FB2-A040-07D104BCFD3C}.Release|Any CPU.ActiveCfg = Release|Any CPU
		{0A090AFC-13B2-4FB2-A040-07D104BCFD3C}.Release|Any CPU.Build.0 = Release|Any CPU
		{DCAED2B7-C2A2-4AE2-9619-CF37EC015D50}.Debug|Any CPU.ActiveCfg = Debug|Any CPU
		{DCAED2B7-C2A2-4AE2-9619-CF37EC015D50}.Debug|Any CPU.Build.0 = Debug|Any CPU
		{DCAED2B7-C2A2-4AE2-9619-CF37EC015D50}.Release|Any CPU.ActiveCfg = Release|Any CPU
		{DCAED2B7-C2A2-4AE2-9619-CF37EC015D50}.Release|Any CPU.Build.0 = Release|Any CPU
		{D4981622-DA33-4D47-AB2F-8A9336EF44C4}.Debug|Any CPU.ActiveCfg = Debug|Any CPU
		{D4981622-DA33-4D47-AB2F-8A9336EF44C4}.Debug|Any CPU.Build.0 = Debug|Any CPU
		{D4981622-DA33-4D47-AB2F-8A9336EF44C4}.Release|Any CPU.ActiveCfg = Release|Any CPU
		{D4981622-DA33-4D47-AB2F-8A9336EF44C4}.Release|Any CPU.Build.0 = Release|Any CPU
	EndGlobalSection
	GlobalSection(SolutionProperties) = preSolution
		HideSolutionNode = FALSE
	EndGlobalSection
	GlobalSection(ExtensibilityGlobals) = postSolution
		SolutionGuid = {E7514C0F-4E6A-40E5-A281-5491317960DC}
	EndGlobalSection
EndGlobal
